
Microsoft Visual Studio Solution File, Format Version 12.00
# Visual Studio Version 16
VisualStudioVersion = 16.0.31005.135
MinimumVisualStudioVersion = 10.0.40219.1
Project("{FAE04EC0-301F-11D3-BF4B-00C04F79EFBC}") = "SpreadSheet01", "SpreadSheet01\SpreadSheet01.csproj", "{DDC429DE-0FCC-45A7-A152-112E9AB46CC4}"
EndProject
Project("{FAE04EC0-301F-11D3-BF4B-00C04F79EFBC}") = "Tests", "Tests\Tests.csproj", "{71DAC10A-36DB-4CE8-B00B-E67C320FD2A4}"
EndProject
Global
	GlobalSection(SolutionConfigurationPlatforms) = preSolution
		Debug|Any CPU = Debug|Any CPU
		Release|Any CPU = Release|Any CPU
	EndGlobalSection
	GlobalSection(ProjectConfigurationPlatforms) = postSolution
		{DDC429DE-0FCC-45A7-A152-112E9AB46CC4}.Debug|Any CPU.ActiveCfg = Debug|Any CPU
		{DDC429DE-0FCC-45A7-A152-112E9AB46CC4}.Debug|Any CPU.Build.0 = Debug|Any CPU
		{DDC429DE-0FCC-45A7-A152-112E9AB46CC4}.Release|Any CPU.ActiveCfg = Release|Any CPU
		{DDC429DE-0FCC-45A7-A152-112E9AB46CC4}.Release|Any CPU.Build.0 = Release|Any CPU
		{71DAC10A-36DB-4CE8-B00B-E67C320FD2A4}.Debug|Any CPU.ActiveCfg = Debug|Any CPU
		{71DAC10A-36DB-4CE8-B00B-E67C320FD2A4}.Debug|Any CPU.Build.0 = Debug|Any CPU
		{71DAC10A-36DB-4CE8-B00B-E67C320FD2A4}.Release|Any CPU.ActiveCfg = Release|Any CPU
		{71DAC10A-36DB-4CE8-B00B-E67C320FD2A4}.Release|Any CPU.Build.0 = Release|Any CPU
	EndGlobalSection
	GlobalSection(SolutionProperties) = preSolution
		HideSolutionNode = FALSE
	EndGlobalSection
	GlobalSection(ExtensibilityGlobals) = postSolution
		SolutionGuid = {BDE68ED5-EAA2-471E-8C58-08B67DC6F48A}
	EndGlobalSection
EndGlobal
